
Microsoft Visual Studio Solution File, Format Version 12.00
# Visual Studio Version 17
VisualStudioVersion = 17.6.33829.357
MinimumVisualStudioVersion = 10.0.40219.1
Project("{9A19103F-16F7-4668-BE54-9A1E7A4F7556}") = "GameOn.PL", "Games.PL\GameOn.PL.csproj", "{DBD467D1-AF1A-4503-8309-35EA9726CAEF}"
EndProject
Project("{9A19103F-16F7-4668-BE54-9A1E7A4F7556}") = "GameOn.BLL", "Games.BLL\GameOn.BLL.csproj", "{2B37D455-EE56-45A7-992B-8A1523B90DBC}"
EndProject
Project("{9A19103F-16F7-4668-BE54-9A1E7A4F7556}") = "GameOn.DAL", "Games.DAL\GameOn.DAL.csproj", "{2ABE381E-3B0D-4788-B4AF-4A7B8A0C0A0C}"
EndProject
Global
	GlobalSection(SolutionConfigurationPlatforms) = preSolution
		Debug|Any CPU = Debug|Any CPU
		Release|Any CPU = Release|Any CPU
	EndGlobalSection
	GlobalSection(ProjectConfigurationPlatforms) = postSolution
		{DBD467D1-AF1A-4503-8309-35EA9726CAEF}.Debug|Any CPU.ActiveCfg = Debug|Any CPU
		{DBD467D1-AF1A-4503-8309-35EA9726CAEF}.Debug|Any CPU.Build.0 = Debug|Any CPU
		{DBD467D1-AF1A-4503-8309-35EA9726CAEF}.Release|Any CPU.ActiveCfg = Release|Any CPU
		{DBD467D1-AF1A-4503-8309-35EA9726CAEF}.Release|Any CPU.Build.0 = Release|Any CPU
		{2B37D455-EE56-45A7-992B-8A1523B90DBC}.Debug|Any CPU.ActiveCfg = Debug|Any CPU
		{2B37D455-EE56-45A7-992B-8A1523B90DBC}.Debug|Any CPU.Build.0 = Debug|Any CPU
		{2B37D455-EE56-45A7-992B-8A1523B90DBC}.Release|Any CPU.ActiveCfg = Release|Any CPU
		{2B37D455-EE56-45A7-992B-8A1523B90DBC}.Release|Any CPU.Build.0 = Release|Any CPU
		{2ABE381E-3B0D-4788-B4AF-4A7B8A0C0A0C}.Debug|Any CPU.ActiveCfg = Debug|Any CPU
		{2ABE381E-3B0D-4788-B4AF-4A7B8A0C0A0C}.Debug|Any CPU.Build.0 = Debug|Any CPU
		{2ABE381E-3B0D-4788-B4AF-4A7B8A0C0A0C}.Release|Any CPU.ActiveCfg = Release|Any CPU
		{2ABE381E-3B0D-4788-B4AF-4A7B8A0C0A0C}.Release|Any CPU.Build.0 = Release|Any CPU
	EndGlobalSection
	GlobalSection(SolutionProperties) = preSolution
		HideSolutionNode = FALSE
	EndGlobalSection
	GlobalSection(ExtensibilityGlobals) = postSolution
		SolutionGuid = {3B94E55D-1821-4EAF-B615-A5392FCD1887}
	EndGlobalSection
EndGlobal
